
Microsoft Visual Studio Solution File, Format Version 12.00
# Visual Studio Version 16
VisualStudioVersion = 16.0.30011.22
MinimumVisualStudioVersion = 10.0.40219.1
Project("{9A19103F-16F7-4668-BE54-9A1E7A4F7556}") = "DuocRestaurant.API", "DuocRestaurant.API\DuocRestaurant.API.csproj", "{0814E04D-A63C-4AB2-8867-29873B4D268E}"
EndProject
Project("{9A19103F-16F7-4668-BE54-9A1E7A4F7556}") = "DuocRestaurant.Domain", "DuocRestaurant.Domain\DuocRestaurant.Domain.csproj", "{7178718B-1EA5-4B48-AF41-1EBEFF4B21E9}"
EndProject
Project("{9A19103F-16F7-4668-BE54-9A1E7A4F7556}") = "DuocRestaurant.Business", "DuocRestaurant.Business\DuocRestaurant.Business.csproj", "{0FE4B26C-EFC0-4C09-AA06-D57A9B1539FD}"
EndProject
Project("{9A19103F-16F7-4668-BE54-9A1E7A4F7556}") = "DuocRestaurant.Helpers", "DuocRestaurant.Helpers\DuocRestaurant.Helpers.csproj", "{DE28574A-CCC9-4464-B486-067A6E0D0DFD}"
EndProject
Project("{2150E333-8FDC-42A3-9474-1A3956D46DE8}") = "Scripts", "Scripts", "{95A5286E-8740-44F9-90D9-7C7D82C0DFAD}"
	ProjectSection(SolutionItems) = preProject
		schema.sql = schema.sql
	EndProjectSection
EndProject
Project("{E24C65DC-7377-472B-9ABA-BC803B73C61A}") = "DuocRestaurant.WEB", "DuocRestaurant.WEB\", "{C0F688CA-19B4-4DB7-9990-56BFD11099AE}"
	ProjectSection(WebsiteProperties) = preProject
		TargetFrameworkMoniker = ".NETFramework,Version%3Dv4.0"
		Debug.AspNetCompiler.VirtualPath = "/localhost_59254"
		Debug.AspNetCompiler.PhysicalPath = "DuocRestaurant.WEB\"
		Debug.AspNetCompiler.TargetPath = "PrecompiledWeb\localhost_59254\"
		Debug.AspNetCompiler.Updateable = "true"
		Debug.AspNetCompiler.ForceOverwrite = "true"
		Debug.AspNetCompiler.FixedNames = "false"
		Debug.AspNetCompiler.Debug = "True"
		Release.AspNetCompiler.VirtualPath = "/localhost_59254"
		Release.AspNetCompiler.PhysicalPath = "DuocRestaurant.WEB\"
		Release.AspNetCompiler.TargetPath = "PrecompiledWeb\localhost_59254\"
		Release.AspNetCompiler.Updateable = "true"
		Release.AspNetCompiler.ForceOverwrite = "true"
		Release.AspNetCompiler.FixedNames = "false"
		Release.AspNetCompiler.Debug = "False"
		VWDPort = "59254"
		SlnRelativePath = "DuocRestaurant.WEB\"
	EndProjectSection
EndProject
Project("{E24C65DC-7377-472B-9ABA-BC803B73C61A}") = "DuocRestaurant.APP", "DuocRestaurant.APP\", "{900E2AAF-9EEC-46C1-9C34-B5F2EE2C358C}"
	ProjectSection(WebsiteProperties) = preProject
		TargetFrameworkMoniker = ".NETFramework,Version%3Dv4.0"
		Debug.AspNetCompiler.VirtualPath = "/localhost_65250"
		Debug.AspNetCompiler.PhysicalPath = "DuocRestaurant.APP\"
		Debug.AspNetCompiler.TargetPath = "PrecompiledWeb\localhost_65250\"
		Debug.AspNetCompiler.Updateable = "true"
		Debug.AspNetCompiler.ForceOverwrite = "true"
		Debug.AspNetCompiler.FixedNames = "false"
		Debug.AspNetCompiler.Debug = "True"
		Release.AspNetCompiler.VirtualPath = "/localhost_65250"
		Release.AspNetCompiler.PhysicalPath = "DuocRestaurant.APP\"
		Release.AspNetCompiler.TargetPath = "PrecompiledWeb\localhost_65250\"
		Release.AspNetCompiler.Updateable = "true"
		Release.AspNetCompiler.ForceOverwrite = "true"
		Release.AspNetCompiler.FixedNames = "false"
		Release.AspNetCompiler.Debug = "False"
		VWDPort = "65250"
		SlnRelativePath = "DuocRestaurant.APP\"
	EndProjectSection
EndProject
Global
	GlobalSection(SolutionConfigurationPlatforms) = preSolution
		Debug|Any CPU = Debug|Any CPU
		Release|Any CPU = Release|Any CPU
	EndGlobalSection
	GlobalSection(ProjectConfigurationPlatforms) = postSolution
		{0814E04D-A63C-4AB2-8867-29873B4D268E}.Debug|Any CPU.ActiveCfg = Debug|Any CPU
		{0814E04D-A63C-4AB2-8867-29873B4D268E}.Debug|Any CPU.Build.0 = Debug|Any CPU
		{0814E04D-A63C-4AB2-8867-29873B4D268E}.Release|Any CPU.ActiveCfg = Release|Any CPU
		{0814E04D-A63C-4AB2-8867-29873B4D268E}.Release|Any CPU.Build.0 = Release|Any CPU
		{7178718B-1EA5-4B48-AF41-1EBEFF4B21E9}.Debug|Any CPU.ActiveCfg = Debug|Any CPU
		{7178718B-1EA5-4B48-AF41-1EBEFF4B21E9}.Debug|Any CPU.Build.0 = Debug|Any CPU
		{7178718B-1EA5-4B48-AF41-1EBEFF4B21E9}.Release|Any CPU.ActiveCfg = Release|Any CPU
		{7178718B-1EA5-4B48-AF41-1EBEFF4B21E9}.Release|Any CPU.Build.0 = Release|Any CPU
		{0FE4B26C-EFC0-4C09-AA06-D57A9B1539FD}.Debug|Any CPU.ActiveCfg = Debug|Any CPU
		{0FE4B26C-EFC0-4C09-AA06-D57A9B1539FD}.Debug|Any CPU.Build.0 = Debug|Any CPU
		{0FE4B26C-EFC0-4C09-AA06-D57A9B1539FD}.Release|Any CPU.ActiveCfg = Release|Any CPU
		{0FE4B26C-EFC0-4C09-AA06-D57A9B1539FD}.Release|Any CPU.Build.0 = Release|Any CPU
		{DE28574A-CCC9-4464-B486-067A6E0D0DFD}.Debug|Any CPU.ActiveCfg = Debug|Any CPU
		{DE28574A-CCC9-4464-B486-067A6E0D0DFD}.Debug|Any CPU.Build.0 = Debug|Any CPU
		{DE28574A-CCC9-4464-B486-067A6E0D0DFD}.Release|Any CPU.ActiveCfg = Release|Any CPU
		{DE28574A-CCC9-4464-B486-067A6E0D0DFD}.Release|Any CPU.Build.0 = Release|Any CPU
		{C0F688CA-19B4-4DB7-9990-56BFD11099AE}.Debug|Any CPU.ActiveCfg = Debug|Any CPU
		{C0F688CA-19B4-4DB7-9990-56BFD11099AE}.Debug|Any CPU.Build.0 = Debug|Any CPU
		{C0F688CA-19B4-4DB7-9990-56BFD11099AE}.Release|Any CPU.ActiveCfg = Debug|Any CPU
		{C0F688CA-19B4-4DB7-9990-56BFD11099AE}.Release|Any CPU.Build.0 = Debug|Any CPU
		{900E2AAF-9EEC-46C1-9C34-B5F2EE2C358C}.Debug|Any CPU.ActiveCfg = Debug|Any CPU
		{900E2AAF-9EEC-46C1-9C34-B5F2EE2C358C}.Debug|Any CPU.Build.0 = Debug|Any CPU
		{900E2AAF-9EEC-46C1-9C34-B5F2EE2C358C}.Release|Any CPU.ActiveCfg = Debug|Any CPU
		{900E2AAF-9EEC-46C1-9C34-B5F2EE2C358C}.Release|Any CPU.Build.0 = Debug|Any CPU
	EndGlobalSection
	GlobalSection(SolutionProperties) = preSolution
		HideSolutionNode = FALSE
	EndGlobalSection
	GlobalSection(ExtensibilityGlobals) = postSolution
		SolutionGuid = {88D0A04B-44FD-475D-82A3-99BF6F2BCBB5}
	EndGlobalSection
EndGlobal
